
Microsoft Visual Studio Solution File, Format Version 12.00
# Visual Studio Version 17
VisualStudioVersion = 17.2.32516.85
MinimumVisualStudioVersion = 10.0.40219.1
Project("{8BC9CEB8-8B4A-11D0-8D11-00A0C91BC942}") = "PluginSample", "IDA Pro\7.7\PluginSample\PluginSample.vcxproj", "{6D62A2EC-5004-4A7D-B06C-82485BAF8AD8}"
EndProject
Project("{8BC9CEB8-8B4A-11D0-8D11-00A0C91BC942}") = "CalleePlugin", "IDA Pro\7.7\CalleePlugin\CalleePlugin.vcxproj", "{2AA97ABB-3E38-4DD5-A227-4556A2C2DC79}"
EndProject
Project("{8BC9CEB8-8B4A-11D0-8D11-00A0C91BC942}") = "ProcessorIdPlugin", "IDA Pro\7.7\ProcessorIdPlugin\ProcessorIdPlugin.vcxproj", "{46BFCE18-60BE-43CE-A9EC-6BCE1EE4B476}"
EndProject
Project("{8BC9CEB8-8B4A-11D0-8D11-00A0C91BC942}") = "ProcessStatePlugin", "IDA Pro\7.7\ProcessStatePlugin\ProcessStatePlugin.vcxproj", "{5611811D-E86B-4866-ADF1-A314B5353E95}"
EndProject
Project("{8BC9CEB8-8B4A-11D0-8D11-00A0C91BC942}") = "StartProcessPlugin", "IDA Pro\7.7\StartProcessPlugin\StartProcessPlugin.vcxproj", "{CA2FB1D6-64AC-4F69-949E-C0D1FA8B0823}"
EndProject
Project("{8BC9CEB8-8B4A-11D0-8D11-00A0C91BC942}") = "StepOverPlugin", "IDA Pro\7.7\StepOverPlugin\StepOverPlugin.vcxproj", "{47AACF65-E936-4256-AD35-850C053ED6B5}"
EndProject
Project("{8BC9CEB8-8B4A-11D0-8D11-00A0C91BC942}") = "AddBreakpointPlugin", "IDA Pro\7.7\AddBreakpointPlugin\AddBreakpointPlugin.vcxproj", "{7878A07A-C820-41A0-BEF0-DB1F0D939412}"
EndProject
Project("{8BC9CEB8-8B4A-11D0-8D11-00A0C91BC942}") = "HookToNotificationPlugin", "IDA Pro\7.7\HookToNotificationPlugin\HookToNotificationPlugin.vcxproj", "{8E696438-FA8A-46C4-BD52-81D62A71C168}"
EndProject
Project("{8BC9CEB8-8B4A-11D0-8D11-00A0C91BC942}") = "tree1", "libxml2\2.9.13\tree1\tree1.vcxproj", "{DC3C3F02-D7F6-4C84-86BF-4404EDEE80F6}"
EndProject
Project("{8BC9CEB8-8B4A-11D0-8D11-00A0C91BC942}") = "LangImpl04", "LLVM\14.0.0\LangImpl04\LangImpl04.vcxproj", "{CA12F11B-AB85-4B45-B70D-85D1AEE80B90}"
EndProject
Project("{8BC9CEB8-8B4A-11D0-8D11-00A0C91BC942}") = "itrace", "Pin\3.23\itrace\itrace.vcxproj", "{FC6EF1FF-E17F-4B6F-82A0-ABEE6B967995}"
EndProject
Global
	GlobalSection(SolutionConfigurationPlatforms) = preSolution
		Debug|x64 = Debug|x64
		Debug|x86 = Debug|x86
		ida32 Debug|x64 = ida32 Debug|x64
		ida32 Debug|x86 = ida32 Debug|x86
		ida32 Release|x64 = ida32 Release|x64
		ida32 Release|x86 = ida32 Release|x86
		ida64 Debug|x64 = ida64 Debug|x64
		ida64 Debug|x86 = ida64 Debug|x86
		ida64 Release|x64 = ida64 Release|x64
		ida64 Release|x86 = ida64 Release|x86
		llvm64 Debug|x64 = llvm64 Debug|x64
		llvm64 Debug|x86 = llvm64 Debug|x86
		llvm64 Release|x64 = llvm64 Release|x64
		llvm64 Release|x86 = llvm64 Release|x86
		pin32 Debug|x64 = pin32 Debug|x64
		pin32 Debug|x86 = pin32 Debug|x86
		pin32 Release|x64 = pin32 Release|x64
		pin32 Release|x86 = pin32 Release|x86
		pin64 Debug|x64 = pin64 Debug|x64
		pin64 Debug|x86 = pin64 Debug|x86
		pin64 Release|x64 = pin64 Release|x64
		pin64 Release|x86 = pin64 Release|x86
		Release|x64 = Release|x64
		Release|x86 = Release|x86
	EndGlobalSection
	GlobalSection(ProjectConfigurationPlatforms) = postSolution
		{6D62A2EC-5004-4A7D-B06C-82485BAF8AD8}.Debug|x64.ActiveCfg = ida32 Debug|x64
		{6D62A2EC-5004-4A7D-B06C-82485BAF8AD8}.Debug|x64.Build.0 = ida32 Debug|x64
		{6D62A2EC-5004-4A7D-B06C-82485BAF8AD8}.Debug|x86.ActiveCfg = ida32 Debug|Win32
		{6D62A2EC-5004-4A7D-B06C-82485BAF8AD8}.Debug|x86.Build.0 = ida32 Debug|Win32
		{6D62A2EC-5004-4A7D-B06C-82485BAF8AD8}.ida32 Debug|x64.ActiveCfg = ida32 Debug|x64
		{6D62A2EC-5004-4A7D-B06C-82485BAF8AD8}.ida32 Debug|x64.Build.0 = ida32 Debug|x64
		{6D62A2EC-5004-4A7D-B06C-82485BAF8AD8}.ida32 Debug|x86.ActiveCfg = ida32 Debug|Win32
		{6D62A2EC-5004-4A7D-B06C-82485BAF8AD8}.ida32 Debug|x86.Build.0 = ida32 Debug|Win32
		{6D62A2EC-5004-4A7D-B06C-82485BAF8AD8}.ida32 Release|x64.ActiveCfg = ida32 Release|x64
		{6D62A2EC-5004-4A7D-B06C-82485BAF8AD8}.ida32 Release|x64.Build.0 = ida32 Release|x64
		{6D62A2EC-5004-4A7D-B06C-82485BAF8AD8}.ida32 Release|x86.ActiveCfg = ida32 Release|Win32
		{6D62A2EC-5004-4A7D-B06C-82485BAF8AD8}.ida32 Release|x86.Build.0 = ida32 Release|Win32
		{6D62A2EC-5004-4A7D-B06C-82485BAF8AD8}.ida64 Debug|x64.ActiveCfg = ida64 Debug|x64
		{6D62A2EC-5004-4A7D-B06C-82485BAF8AD8}.ida64 Debug|x64.Build.0 = ida64 Debug|x64
		{6D62A2EC-5004-4A7D-B06C-82485BAF8AD8}.ida64 Debug|x86.ActiveCfg = ida64 Debug|Win32
		{6D62A2EC-5004-4A7D-B06C-82485BAF8AD8}.ida64 Debug|x86.Build.0 = ida64 Debug|Win32
		{6D62A2EC-5004-4A7D-B06C-82485BAF8AD8}.ida64 Release|x64.ActiveCfg = ida64 Release|x64
		{6D62A2EC-5004-4A7D-B06C-82485BAF8AD8}.ida64 Release|x64.Build.0 = ida64 Release|x64
		{6D62A2EC-5004-4A7D-B06C-82485BAF8AD8}.ida64 Release|x86.ActiveCfg = ida64 Release|Win32
		{6D62A2EC-5004-4A7D-B06C-82485BAF8AD8}.ida64 Release|x86.Build.0 = ida64 Release|Win32
		{6D62A2EC-5004-4A7D-B06C-82485BAF8AD8}.llvm64 Debug|x64.ActiveCfg = ida32 Debug|x64
		{6D62A2EC-5004-4A7D-B06C-82485BAF8AD8}.llvm64 Debug|x64.Build.0 = ida32 Debug|x64
		{6D62A2EC-5004-4A7D-B06C-82485BAF8AD8}.llvm64 Debug|x86.ActiveCfg = ida32 Debug|Win32
		{6D62A2EC-5004-4A7D-B06C-82485BAF8AD8}.llvm64 Debug|x86.Build.0 = ida32 Debug|Win32
		{6D62A2EC-5004-4A7D-B06C-82485BAF8AD8}.llvm64 Release|x64.ActiveCfg = ida64 Release|x64
		{6D62A2EC-5004-4A7D-B06C-82485BAF8AD8}.llvm64 Release|x64.Build.0 = ida64 Release|x64
		{6D62A2EC-5004-4A7D-B06C-82485BAF8AD8}.llvm64 Release|x86.ActiveCfg = ida64 Release|Win32
		{6D62A2EC-5004-4A7D-B06C-82485BAF8AD8}.llvm64 Release|x86.Build.0 = ida64 Release|Win32
		{6D62A2EC-5004-4A7D-B06C-82485BAF8AD8}.pin32 Debug|x64.ActiveCfg = pin32 Debug|x64
		{6D62A2EC-5004-4A7D-B06C-82485BAF8AD8}.pin32 Debug|x64.Build.0 = pin32 Debug|x64
		{6D62A2EC-5004-4A7D-B06C-82485BAF8AD8}.pin32 Debug|x86.ActiveCfg = pin32 Debug|Win32
		{6D62A2EC-5004-4A7D-B06C-82485BAF8AD8}.pin32 Release|x64.ActiveCfg = pin32 Release|x64
		{6D62A2EC-5004-4A7D-B06C-82485BAF8AD8}.pin32 Release|x64.Build.0 = pin32 Release|x64
		{6D62A2EC-5004-4A7D-B06C-82485BAF8AD8}.pin32 Release|x86.ActiveCfg = pin32 Release|Win32
		{6D62A2EC-5004-4A7D-B06C-82485BAF8AD8}.pin64 Debug|x64.ActiveCfg = pin64 Debug|x64
		{6D62A2EC-5004-4A7D-B06C-82485BAF8AD8}.pin64 Debug|x86.ActiveCfg = pin64 Debug|Win32
		{6D62A2EC-5004-4A7D-B06C-82485BAF8AD8}.pin64 Release|x64.ActiveCfg = pin64 Release|x64
		{6D62A2EC-5004-4A7D-B06C-82485BAF8AD8}.pin64 Release|x64.Build.0 = pin64 Release|x64
		{6D62A2EC-5004-4A7D-B06C-82485BAF8AD8}.pin64 Release|x86.ActiveCfg = pin64 Release|Win32
		{6D62A2EC-5004-4A7D-B06C-82485BAF8AD8}.Release|x64.ActiveCfg = ida64 Release|x64
		{6D62A2EC-5004-4A7D-B06C-82485BAF8AD8}.Release|x64.Build.0 = ida64 Release|x64
		{6D62A2EC-5004-4A7D-B06C-82485BAF8AD8}.Release|x86.ActiveCfg = ida64 Release|Win32
		{6D62A2EC-5004-4A7D-B06C-82485BAF8AD8}.Release|x86.Build.0 = ida64 Release|Win32
		{2AA97ABB-3E38-4DD5-A227-4556A2C2DC79}.Debug|x64.ActiveCfg = ida32 Debug|x64
		{2AA97ABB-3E38-4DD5-A227-4556A2C2DC79}.Debug|x64.Build.0 = ida32 Debug|x64
		{2AA97ABB-3E38-4DD5-A227-4556A2C2DC79}.Debug|x86.ActiveCfg = ida32 Debug|Win32
		{2AA97ABB-3E38-4DD5-A227-4556A2C2DC79}.Debug|x86.Build.0 = ida32 Debug|Win32
		{2AA97ABB-3E38-4DD5-A227-4556A2C2DC79}.ida32 Debug|x64.ActiveCfg = ida32 Debug|x64
		{2AA97ABB-3E38-4DD5-A227-4556A2C2DC79}.ida32 Debug|x64.Build.0 = ida32 Debug|x64
		{2AA97ABB-3E38-4DD5-A227-4556A2C2DC79}.ida32 Debug|x86.ActiveCfg = ida32 Debug|Win32
		{2AA97ABB-3E38-4DD5-A227-4556A2C2DC79}.ida32 Debug|x86.Build.0 = ida32 Debug|Win32
		{2AA97ABB-3E38-4DD5-A227-4556A2C2DC79}.ida32 Release|x64.ActiveCfg = ida32 Release|x64
		{2AA97ABB-3E38-4DD5-A227-4556A2C2DC79}.ida32 Release|x64.Build.0 = ida32 Release|x64
		{2AA97ABB-3E38-4DD5-A227-4556A2C2DC79}.ida32 Release|x86.ActiveCfg = ida32 Release|Win32
		{2AA97ABB-3E38-4DD5-A227-4556A2C2DC79}.ida32 Release|x86.Build.0 = ida32 Release|Win32
		{2AA97ABB-3E38-4DD5-A227-4556A2C2DC79}.ida64 Debug|x64.ActiveCfg = ida64 Debug|x64
		{2AA97ABB-3E38-4DD5-A227-4556A2C2DC79}.ida64 Debug|x64.Build.0 = ida64 Debug|x64
		{2AA97ABB-3E38-4DD5-A227-4556A2C2DC79}.ida64 Debug|x86.ActiveCfg = ida64 Debug|Win32
		{2AA97ABB-3E38-4DD5-A227-4556A2C2DC79}.ida64 Debug|x86.Build.0 = ida64 Debug|Win32
		{2AA97ABB-3E38-4DD5-A227-4556A2C2DC79}.ida64 Release|x64.ActiveCfg = ida64 Release|x64
		{2AA97ABB-3E38-4DD5-A227-4556A2C2DC79}.ida64 Release|x64.Build.0 = ida64 Release|x64
		{2AA97ABB-3E38-4DD5-A227-4556A2C2DC79}.ida64 Release|x86.ActiveCfg = ida64 Release|Win32
		{2AA97ABB-3E38-4DD5-A227-4556A2C2DC79}.ida64 Release|x86.Build.0 = ida64 Release|Win32
		{2AA97ABB-3E38-4DD5-A227-4556A2C2DC79}.llvm64 Debug|x64.ActiveCfg = ida32 Debug|x64
		{2AA97ABB-3E38-4DD5-A227-4556A2C2DC79}.llvm64 Debug|x64.Build.0 = ida32 Debug|x64
		{2AA97ABB-3E38-4DD5-A227-4556A2C2DC79}.llvm64 Debug|x86.ActiveCfg = ida32 Debug|Win32
		{2AA97ABB-3E38-4DD5-A227-4556A2C2DC79}.llvm64 Debug|x86.Build.0 = ida32 Debug|Win32
		{2AA97ABB-3E38-4DD5-A227-4556A2C2DC79}.llvm64 Release|x64.ActiveCfg = ida64 Release|x64
		{2AA97ABB-3E38-4DD5-A227-4556A2C2DC79}.llvm64 Release|x64.Build.0 = ida64 Release|x64
		{2AA97ABB-3E38-4DD5-A227-4556A2C2DC79}.llvm64 Release|x86.ActiveCfg = ida64 Release|Win32
		{2AA97ABB-3E38-4DD5-A227-4556A2C2DC79}.llvm64 Release|x86.Build.0 = ida64 Release|Win32
		{2AA97ABB-3E38-4DD5-A227-4556A2C2DC79}.pin32 Debug|x64.ActiveCfg = pin32 Debug|x64
		{2AA97ABB-3E38-4DD5-A227-4556A2C2DC79}.pin32 Debug|x64.Build.0 = pin32 Debug|x64
		{2AA97ABB-3E38-4DD5-A227-4556A2C2DC79}.pin32 Debug|x86.ActiveCfg = pin32 Debug|Win32
		{2AA97ABB-3E38-4DD5-A227-4556A2C2DC79}.pin32 Release|x64.ActiveCfg = pin32 Release|x64
		{2AA97ABB-3E38-4DD5-A227-4556A2C2DC79}.pin32 Release|x64.Build.0 = pin32 Release|x64
		{2AA97ABB-3E38-4DD5-A227-4556A2C2DC79}.pin32 Release|x86.ActiveCfg = pin32 Release|Win32
		{2AA97ABB-3E38-4DD5-A227-4556A2C2DC79}.pin64 Debug|x64.ActiveCfg = pin64 Debug|x64
		{2AA97ABB-3E38-4DD5-A227-4556A2C2DC79}.pin64 Debug|x86.ActiveCfg = pin64 Debug|Win32
		{2AA97ABB-3E38-4DD5-A227-4556A2C2DC79}.pin64 Release|x64.ActiveCfg = pin64 Release|x64
		{2AA97ABB-3E38-4DD5-A227-4556A2C2DC79}.pin64 Release|x64.Build.0 = pin64 Release|x64
		{2AA97ABB-3E38-4DD5-A227-4556A2C2DC79}.pin64 Release|x86.ActiveCfg = pin64 Release|Win32
		{2AA97ABB-3E38-4DD5-A227-4556A2C2DC79}.Release|x64.ActiveCfg = ida64 Release|x64
		{2AA97ABB-3E38-4DD5-A227-4556A2C2DC79}.Release|x64.Build.0 = ida64 Release|x64
		{2AA97ABB-3E38-4DD5-A227-4556A2C2DC79}.Release|x86.ActiveCfg = ida64 Release|Win32
		{2AA97ABB-3E38-4DD5-A227-4556A2C2DC79}.Release|x86.Build.0 = ida64 Release|Win32
		{46BFCE18-60BE-43CE-A9EC-6BCE1EE4B476}.Debug|x64.ActiveCfg = ida32 Debug|x64
		{46BFCE18-60BE-43CE-A9EC-6BCE1EE4B476}.Debug|x64.Build.0 = ida32 Debug|x64
		{46BFCE18-60BE-43CE-A9EC-6BCE1EE4B476}.Debug|x86.ActiveCfg = ida32 Debug|Win32
		{46BFCE18-60BE-43CE-A9EC-6BCE1EE4B476}.Debug|x86.Build.0 = ida32 Debug|Win32
		{46BFCE18-60BE-43CE-A9EC-6BCE1EE4B476}.ida32 Debug|x64.ActiveCfg = ida32 Debug|x64
		{46BFCE18-60BE-43CE-A9EC-6BCE1EE4B476}.ida32 Debug|x64.Build.0 = ida32 Debug|x64
		{46BFCE18-60BE-43CE-A9EC-6BCE1EE4B476}.ida32 Debug|x86.ActiveCfg = ida32 Debug|Win32
		{46BFCE18-60BE-43CE-A9EC-6BCE1EE4B476}.ida32 Debug|x86.Build.0 = ida32 Debug|Win32
		{46BFCE18-60BE-43CE-A9EC-6BCE1EE4B476}.ida32 Release|x64.ActiveCfg = ida32 Release|x64
		{46BFCE18-60BE-43CE-A9EC-6BCE1EE4B476}.ida32 Release|x64.Build.0 = ida32 Release|x64
		{46BFCE18-60BE-43CE-A9EC-6BCE1EE4B476}.ida32 Release|x86.ActiveCfg = ida32 Release|Win32
		{46BFCE18-60BE-43CE-A9EC-6BCE1EE4B476}.ida32 Release|x86.Build.0 = ida32 Release|Win32
		{46BFCE18-60BE-43CE-A9EC-6BCE1EE4B476}.ida64 Debug|x64.ActiveCfg = ida64 Debug|x64
		{46BFCE18-60BE-43CE-A9EC-6BCE1EE4B476}.ida64 Debug|x64.Build.0 = ida64 Debug|x64
		{46BFCE18-60BE-43CE-A9EC-6BCE1EE4B476}.ida64 Debug|x86.ActiveCfg = ida64 Debug|Win32
		{46BFCE18-60BE-43CE-A9EC-6BCE1EE4B476}.ida64 Debug|x86.Build.0 = ida64 Debug|Win32
		{46BFCE18-60BE-43CE-A9EC-6BCE1EE4B476}.ida64 Release|x64.ActiveCfg = ida64 Release|x64
		{46BFCE18-60BE-43CE-A9EC-6BCE1EE4B476}.ida64 Release|x64.Build.0 = ida64 Release|x64
		{46BFCE18-60BE-43CE-A9EC-6BCE1EE4B476}.ida64 Release|x86.ActiveCfg = ida64 Release|Win32
		{46BFCE18-60BE-43CE-A9EC-6BCE1EE4B476}.ida64 Release|x86.Build.0 = ida64 Release|Win32
		{46BFCE18-60BE-43CE-A9EC-6BCE1EE4B476}.llvm64 Debug|x64.ActiveCfg = ida32 Debug|x64
		{46BFCE18-60BE-43CE-A9EC-6BCE1EE4B476}.llvm64 Debug|x64.Build.0 = ida32 Debug|x64
		{46BFCE18-60BE-43CE-A9EC-6BCE1EE4B476}.llvm64 Debug|x86.ActiveCfg = ida32 Debug|Win32
		{46BFCE18-60BE-43CE-A9EC-6BCE1EE4B476}.llvm64 Debug|x86.Build.0 = ida32 Debug|Win32
		{46BFCE18-60BE-43CE-A9EC-6BCE1EE4B476}.llvm64 Release|x64.ActiveCfg = ida64 Release|x64
		{46BFCE18-60BE-43CE-A9EC-6BCE1EE4B476}.llvm64 Release|x64.Build.0 = ida64 Release|x64
		{46BFCE18-60BE-43CE-A9EC-6BCE1EE4B476}.llvm64 Release|x86.ActiveCfg = ida64 Release|Win32
		{46BFCE18-60BE-43CE-A9EC-6BCE1EE4B476}.llvm64 Release|x86.Build.0 = ida64 Release|Win32
		{46BFCE18-60BE-43CE-A9EC-6BCE1EE4B476}.pin32 Debug|x64.ActiveCfg = pin32 Debug|x64
		{46BFCE18-60BE-43CE-A9EC-6BCE1EE4B476}.pin32 Debug|x64.Build.0 = pin32 Debug|x64
		{46BFCE18-60BE-43CE-A9EC-6BCE1EE4B476}.pin32 Debug|x86.ActiveCfg = pin32 Debug|Win32
		{46BFCE18-60BE-43CE-A9EC-6BCE1EE4B476}.pin32 Release|x64.ActiveCfg = pin32 Release|x64
		{46BFCE18-60BE-43CE-A9EC-6BCE1EE4B476}.pin32 Release|x64.Build.0 = pin32 Release|x64
		{46BFCE18-60BE-43CE-A9EC-6BCE1EE4B476}.pin32 Release|x86.ActiveCfg = pin32 Release|Win32
		{46BFCE18-60BE-43CE-A9EC-6BCE1EE4B476}.pin64 Debug|x64.ActiveCfg = pin64 Debug|x64
		{46BFCE18-60BE-43CE-A9EC-6BCE1EE4B476}.pin64 Debug|x86.ActiveCfg = pin64 Debug|Win32
		{46BFCE18-60BE-43CE-A9EC-6BCE1EE4B476}.pin64 Release|x64.ActiveCfg = pin64 Release|x64
		{46BFCE18-60BE-43CE-A9EC-6BCE1EE4B476}.pin64 Release|x64.Build.0 = pin64 Release|x64
		{46BFCE18-60BE-43CE-A9EC-6BCE1EE4B476}.pin64 Release|x86.ActiveCfg = pin64 Release|Win32
		{46BFCE18-60BE-43CE-A9EC-6BCE1EE4B476}.Release|x64.ActiveCfg = ida64 Release|x64
		{46BFCE18-60BE-43CE-A9EC-6BCE1EE4B476}.Release|x64.Build.0 = ida64 Release|x64
		{46BFCE18-60BE-43CE-A9EC-6BCE1EE4B476}.Release|x86.ActiveCfg = ida64 Release|Win32
		{46BFCE18-60BE-43CE-A9EC-6BCE1EE4B476}.Release|x86.Build.0 = ida64 Release|Win32
		{5611811D-E86B-4866-ADF1-A314B5353E95}.Debug|x64.ActiveCfg = ida32 Debug|x64
		{5611811D-E86B-4866-ADF1-A314B5353E95}.Debug|x64.Build.0 = ida32 Debug|x64
		{5611811D-E86B-4866-ADF1-A314B5353E95}.Debug|x86.ActiveCfg = ida32 Debug|Win32
		{5611811D-E86B-4866-ADF1-A314B5353E95}.Debug|x86.Build.0 = ida32 Debug|Win32
		{5611811D-E86B-4866-ADF1-A314B5353E95}.ida32 Debug|x64.ActiveCfg = ida32 Debug|x64
		{5611811D-E86B-4866-ADF1-A314B5353E95}.ida32 Debug|x64.Build.0 = ida32 Debug|x64
		{5611811D-E86B-4866-ADF1-A314B5353E95}.ida32 Debug|x86.ActiveCfg = ida32 Debug|Win32
		{5611811D-E86B-4866-ADF1-A314B5353E95}.ida32 Debug|x86.Build.0 = ida32 Debug|Win32
		{5611811D-E86B-4866-ADF1-A314B5353E95}.ida32 Release|x64.ActiveCfg = ida32 Release|x64
		{5611811D-E86B-4866-ADF1-A314B5353E95}.ida32 Release|x64.Build.0 = ida32 Release|x64
		{5611811D-E86B-4866-ADF1-A314B5353E95}.ida32 Release|x86.ActiveCfg = ida32 Release|Win32
		{5611811D-E86B-4866-ADF1-A314B5353E95}.ida32 Release|x86.Build.0 = ida32 Release|Win32
		{5611811D-E86B-4866-ADF1-A314B5353E95}.ida64 Debug|x64.ActiveCfg = ida64 Debug|x64
		{5611811D-E86B-4866-ADF1-A314B5353E95}.ida64 Debug|x64.Build.0 = ida64 Debug|x64
		{5611811D-E86B-4866-ADF1-A314B5353E95}.ida64 Debug|x86.ActiveCfg = ida64 Debug|Win32
		{5611811D-E86B-4866-ADF1-A314B5353E95}.ida64 Debug|x86.Build.0 = ida64 Debug|Win32
		{5611811D-E86B-4866-ADF1-A314B5353E95}.ida64 Release|x64.ActiveCfg = ida64 Release|x64
		{5611811D-E86B-4866-ADF1-A314B5353E95}.ida64 Release|x64.Build.0 = ida64 Release|x64
		{5611811D-E86B-4866-ADF1-A314B5353E95}.ida64 Release|x86.ActiveCfg = ida64 Release|Win32
		{5611811D-E86B-4866-ADF1-A314B5353E95}.ida64 Release|x86.Build.0 = ida64 Release|Win32
		{5611811D-E86B-4866-ADF1-A314B5353E95}.llvm64 Debug|x64.ActiveCfg = ida32 Debug|x64
		{5611811D-E86B-4866-ADF1-A314B5353E95}.llvm64 Debug|x64.Build.0 = ida32 Debug|x64
		{5611811D-E86B-4866-ADF1-A314B5353E95}.llvm64 Debug|x86.ActiveCfg = ida32 Debug|Win32
		{5611811D-E86B-4866-ADF1-A314B5353E95}.llvm64 Debug|x86.Build.0 = ida32 Debug|Win32
		{5611811D-E86B-4866-ADF1-A314B5353E95}.llvm64 Release|x64.ActiveCfg = ida64 Release|x64
		{5611811D-E86B-4866-ADF1-A314B5353E95}.llvm64 Release|x64.Build.0 = ida64 Release|x64
		{5611811D-E86B-4866-ADF1-A314B5353E95}.llvm64 Release|x86.ActiveCfg = ida64 Release|Win32
		{5611811D-E86B-4866-ADF1-A314B5353E95}.llvm64 Release|x86.Build.0 = ida64 Release|Win32
		{5611811D-E86B-4866-ADF1-A314B5353E95}.pin32 Debug|x64.ActiveCfg = pin32 Debug|x64
		{5611811D-E86B-4866-ADF1-A314B5353E95}.pin32 Debug|x64.Build.0 = pin32 Debug|x64
		{5611811D-E86B-4866-ADF1-A314B5353E95}.pin32 Debug|x86.ActiveCfg = pin32 Debug|Win32
		{5611811D-E86B-4866-ADF1-A314B5353E95}.pin32 Release|x64.ActiveCfg = pin32 Release|x64
		{5611811D-E86B-4866-ADF1-A314B5353E95}.pin32 Release|x64.Build.0 = pin32 Release|x64
		{5611811D-E86B-4866-ADF1-A314B5353E95}.pin32 Release|x86.ActiveCfg = pin32 Release|Win32
		{5611811D-E86B-4866-ADF1-A314B5353E95}.pin64 Debug|x64.ActiveCfg = pin64 Debug|x64
		{5611811D-E86B-4866-ADF1-A314B5353E95}.pin64 Debug|x86.ActiveCfg = pin64 Debug|Win32
		{5611811D-E86B-4866-ADF1-A314B5353E95}.pin64 Release|x64.ActiveCfg = pin64 Release|x64
		{5611811D-E86B-4866-ADF1-A314B5353E95}.pin64 Release|x64.Build.0 = pin64 Release|x64
		{5611811D-E86B-4866-ADF1-A314B5353E95}.pin64 Release|x86.ActiveCfg = pin64 Release|Win32
		{5611811D-E86B-4866-ADF1-A314B5353E95}.Release|x64.ActiveCfg = ida64 Release|x64
		{5611811D-E86B-4866-ADF1-A314B5353E95}.Release|x64.Build.0 = ida64 Release|x64
		{5611811D-E86B-4866-ADF1-A314B5353E95}.Release|x86.ActiveCfg = ida64 Release|Win32
		{5611811D-E86B-4866-ADF1-A314B5353E95}.Release|x86.Build.0 = ida64 Release|Win32
		{CA2FB1D6-64AC-4F69-949E-C0D1FA8B0823}.Debug|x64.ActiveCfg = ida32 Debug|x64
		{CA2FB1D6-64AC-4F69-949E-C0D1FA8B0823}.Debug|x64.Build.0 = ida32 Debug|x64
		{CA2FB1D6-64AC-4F69-949E-C0D1FA8B0823}.Debug|x86.ActiveCfg = ida32 Debug|Win32
		{CA2FB1D6-64AC-4F69-949E-C0D1FA8B0823}.Debug|x86.Build.0 = ida32 Debug|Win32
		{CA2FB1D6-64AC-4F69-949E-C0D1FA8B0823}.ida32 Debug|x64.ActiveCfg = ida32 Debug|x64
		{CA2FB1D6-64AC-4F69-949E-C0D1FA8B0823}.ida32 Debug|x64.Build.0 = ida32 Debug|x64
		{CA2FB1D6-64AC-4F69-949E-C0D1FA8B0823}.ida32 Debug|x86.ActiveCfg = ida32 Debug|Win32
		{CA2FB1D6-64AC-4F69-949E-C0D1FA8B0823}.ida32 Debug|x86.Build.0 = ida32 Debug|Win32
		{CA2FB1D6-64AC-4F69-949E-C0D1FA8B0823}.ida32 Release|x64.ActiveCfg = ida32 Release|x64
		{CA2FB1D6-64AC-4F69-949E-C0D1FA8B0823}.ida32 Release|x64.Build.0 = ida32 Release|x64
		{CA2FB1D6-64AC-4F69-949E-C0D1FA8B0823}.ida32 Release|x86.ActiveCfg = ida32 Release|Win32
		{CA2FB1D6-64AC-4F69-949E-C0D1FA8B0823}.ida32 Release|x86.Build.0 = ida32 Release|Win32
		{CA2FB1D6-64AC-4F69-949E-C0D1FA8B0823}.ida64 Debug|x64.ActiveCfg = ida64 Debug|x64
		{CA2FB1D6-64AC-4F69-949E-C0D1FA8B0823}.ida64 Debug|x64.Build.0 = ida64 Debug|x64
		{CA2FB1D6-64AC-4F69-949E-C0D1FA8B0823}.ida64 Debug|x86.ActiveCfg = ida64 Debug|Win32
		{CA2FB1D6-64AC-4F69-949E-C0D1FA8B0823}.ida64 Debug|x86.Build.0 = ida64 Debug|Win32
		{CA2FB1D6-64AC-4F69-949E-C0D1FA8B0823}.ida64 Release|x64.ActiveCfg = ida64 Release|x64
		{CA2FB1D6-64AC-4F69-949E-C0D1FA8B0823}.ida64 Release|x64.Build.0 = ida64 Release|x64
		{CA2FB1D6-64AC-4F69-949E-C0D1FA8B0823}.ida64 Release|x86.ActiveCfg = ida64 Release|Win32
		{CA2FB1D6-64AC-4F69-949E-C0D1FA8B0823}.ida64 Release|x86.Build.0 = ida64 Release|Win32
		{CA2FB1D6-64AC-4F69-949E-C0D1FA8B0823}.llvm64 Debug|x64.ActiveCfg = ida32 Debug|x64
		{CA2FB1D6-64AC-4F69-949E-C0D1FA8B0823}.llvm64 Debug|x64.Build.0 = ida32 Debug|x64
		{CA2FB1D6-64AC-4F69-949E-C0D1FA8B0823}.llvm64 Debug|x86.ActiveCfg = ida32 Debug|Win32
		{CA2FB1D6-64AC-4F69-949E-C0D1FA8B0823}.llvm64 Debug|x86.Build.0 = ida32 Debug|Win32
		{CA2FB1D6-64AC-4F69-949E-C0D1FA8B0823}.llvm64 Release|x64.ActiveCfg = ida64 Release|x64
		{CA2FB1D6-64AC-4F69-949E-C0D1FA8B0823}.llvm64 Release|x64.Build.0 = ida64 Release|x64
		{CA2FB1D6-64AC-4F69-949E-C0D1FA8B0823}.llvm64 Release|x86.ActiveCfg = ida64 Release|Win32
		{CA2FB1D6-64AC-4F69-949E-C0D1FA8B0823}.llvm64 Release|x86.Build.0 = ida64 Release|Win32
		{CA2FB1D6-64AC-4F69-949E-C0D1FA8B0823}.pin32 Debug|x64.ActiveCfg = pin32 Debug|x64
		{CA2FB1D6-64AC-4F69-949E-C0D1FA8B0823}.pin32 Debug|x64.Build.0 = pin32 Debug|x64
		{CA2FB1D6-64AC-4F69-949E-C0D1FA8B0823}.pin32 Debug|x86.ActiveCfg = pin32 Debug|Win32
		{CA2FB1D6-64AC-4F69-949E-C0D1FA8B0823}.pin32 Release|x64.ActiveCfg = pin32 Release|x64
		{CA2FB1D6-64AC-4F69-949E-C0D1FA8B0823}.pin32 Release|x64.Build.0 = pin32 Release|x64
		{CA2FB1D6-64AC-4F69-949E-C0D1FA8B0823}.pin32 Release|x86.ActiveCfg = pin32 Release|Win32
		{CA2FB1D6-64AC-4F69-949E-C0D1FA8B0823}.pin64 Debug|x64.ActiveCfg = pin64 Debug|x64
		{CA2FB1D6-64AC-4F69-949E-C0D1FA8B0823}.pin64 Debug|x86.ActiveCfg = pin64 Debug|Win32
		{CA2FB1D6-64AC-4F69-949E-C0D1FA8B0823}.pin64 Release|x64.ActiveCfg = pin64 Release|x64
		{CA2FB1D6-64AC-4F69-949E-C0D1FA8B0823}.pin64 Release|x64.Build.0 = pin64 Release|x64
		{CA2FB1D6-64AC-4F69-949E-C0D1FA8B0823}.pin64 Release|x86.ActiveCfg = pin64 Release|Win32
		{CA2FB1D6-64AC-4F69-949E-C0D1FA8B0823}.Release|x64.ActiveCfg = ida64 Release|x64
		{CA2FB1D6-64AC-4F69-949E-C0D1FA8B0823}.Release|x64.Build.0 = ida64 Release|x64
		{CA2FB1D6-64AC-4F69-949E-C0D1FA8B0823}.Release|x86.ActiveCfg = ida64 Release|Win32
		{CA2FB1D6-64AC-4F69-949E-C0D1FA8B0823}.Release|x86.Build.0 = ida64 Release|Win32
		{47AACF65-E936-4256-AD35-850C053ED6B5}.Debug|x64.ActiveCfg = ida32 Debug|x64
		{47AACF65-E936-4256-AD35-850C053ED6B5}.Debug|x64.Build.0 = ida32 Debug|x64
		{47AACF65-E936-4256-AD35-850C053ED6B5}.Debug|x86.ActiveCfg = ida32 Debug|Win32
		{47AACF65-E936-4256-AD35-850C053ED6B5}.Debug|x86.Build.0 = ida32 Debug|Win32
		{47AACF65-E936-4256-AD35-850C053ED6B5}.ida32 Debug|x64.ActiveCfg = ida32 Debug|x64
		{47AACF65-E936-4256-AD35-850C053ED6B5}.ida32 Debug|x64.Build.0 = ida32 Debug|x64
		{47AACF65-E936-4256-AD35-850C053ED6B5}.ida32 Debug|x86.ActiveCfg = ida32 Debug|Win32
		{47AACF65-E936-4256-AD35-850C053ED6B5}.ida32 Debug|x86.Build.0 = ida32 Debug|Win32
		{47AACF65-E936-4256-AD35-850C053ED6B5}.ida32 Release|x64.ActiveCfg = ida32 Release|x64
		{47AACF65-E936-4256-AD35-850C053ED6B5}.ida32 Release|x64.Build.0 = ida32 Release|x64
		{47AACF65-E936-4256-AD35-850C053ED6B5}.ida32 Release|x86.ActiveCfg = ida32 Release|Win32
		{47AACF65-E936-4256-AD35-850C053ED6B5}.ida32 Release|x86.Build.0 = ida32 Release|Win32
		{47AACF65-E936-4256-AD35-850C053ED6B5}.ida64 Debug|x64.ActiveCfg = ida64 Debug|x64
		{47AACF65-E936-4256-AD35-850C053ED6B5}.ida64 Debug|x64.Build.0 = ida64 Debug|x64
		{47AACF65-E936-4256-AD35-850C053ED6B5}.ida64 Debug|x86.ActiveCfg = ida64 Debug|Win32
		{47AACF65-E936-4256-AD35-850C053ED6B5}.ida64 Debug|x86.Build.0 = ida64 Debug|Win32
		{47AACF65-E936-4256-AD35-850C053ED6B5}.ida64 Release|x64.ActiveCfg = ida64 Release|x64
		{47AACF65-E936-4256-AD35-850C053ED6B5}.ida64 Release|x64.Build.0 = ida64 Release|x64
		{47AACF65-E936-4256-AD35-850C053ED6B5}.ida64 Release|x86.ActiveCfg = ida64 Release|Win32
		{47AACF65-E936-4256-AD35-850C053ED6B5}.ida64 Release|x86.Build.0 = ida64 Release|Win32
		{47AACF65-E936-4256-AD35-850C053ED6B5}.llvm64 Debug|x64.ActiveCfg = ida32 Debug|x64
		{47AACF65-E936-4256-AD35-850C053ED6B5}.llvm64 Debug|x64.Build.0 = ida32 Debug|x64
		{47AACF65-E936-4256-AD35-850C053ED6B5}.llvm64 Debug|x86.ActiveCfg = ida32 Debug|Win32
		{47AACF65-E936-4256-AD35-850C053ED6B5}.llvm64 Debug|x86.Build.0 = ida32 Debug|Win32
		{47AACF65-E936-4256-AD35-850C053ED6B5}.llvm64 Release|x64.ActiveCfg = ida64 Release|x64
		{47AACF65-E936-4256-AD35-850C053ED6B5}.llvm64 Release|x64.Build.0 = ida64 Release|x64
		{47AACF65-E936-4256-AD35-850C053ED6B5}.llvm64 Release|x86.ActiveCfg = ida64 Release|Win32
		{47AACF65-E936-4256-AD35-850C053ED6B5}.llvm64 Release|x86.Build.0 = ida64 Release|Win32
		{47AACF65-E936-4256-AD35-850C053ED6B5}.pin32 Debug|x64.ActiveCfg = pin32 Debug|x64
		{47AACF65-E936-4256-AD35-850C053ED6B5}.pin32 Debug|x64.Build.0 = pin32 Debug|x64
		{47AACF65-E936-4256-AD35-850C053ED6B5}.pin32 Debug|x86.ActiveCfg = pin32 Debug|Win32
		{47AACF65-E936-4256-AD35-850C053ED6B5}.pin32 Release|x64.ActiveCfg = pin32 Release|x64
		{47AACF65-E936-4256-AD35-850C053ED6B5}.pin32 Release|x64.Build.0 = pin32 Release|x64
		{47AACF65-E936-4256-AD35-850C053ED6B5}.pin32 Release|x86.ActiveCfg = pin32 Release|Win32
		{47AACF65-E936-4256-AD35-850C053ED6B5}.pin64 Debug|x64.ActiveCfg = pin64 Debug|x64
		{47AACF65-E936-4256-AD35-850C053ED6B5}.pin64 Debug|x86.ActiveCfg = pin64 Debug|Win32
		{47AACF65-E936-4256-AD35-850C053ED6B5}.pin64 Release|x64.ActiveCfg = pin64 Release|x64
		{47AACF65-E936-4256-AD35-850C053ED6B5}.pin64 Release|x64.Build.0 = pin64 Release|x64
		{47AACF65-E936-4256-AD35-850C053ED6B5}.pin64 Release|x86.ActiveCfg = pin64 Release|Win32
		{47AACF65-E936-4256-AD35-850C053ED6B5}.Release|x64.ActiveCfg = ida64 Release|x64
		{47AACF65-E936-4256-AD35-850C053ED6B5}.Release|x64.Build.0 = ida64 Release|x64
		{47AACF65-E936-4256-AD35-850C053ED6B5}.Release|x86.ActiveCfg = ida64 Release|Win32
		{47AACF65-E936-4256-AD35-850C053ED6B5}.Release|x86.Build.0 = ida64 Release|Win32
		{7878A07A-C820-41A0-BEF0-DB1F0D939412}.Debug|x64.ActiveCfg = ida32 Debug|x64
		{7878A07A-C820-41A0-BEF0-DB1F0D939412}.Debug|x64.Build.0 = ida32 Debug|x64
		{7878A07A-C820-41A0-BEF0-DB1F0D939412}.Debug|x86.ActiveCfg = ida32 Debug|Win32
		{7878A07A-C820-41A0-BEF0-DB1F0D939412}.Debug|x86.Build.0 = ida32 Debug|Win32
		{7878A07A-C820-41A0-BEF0-DB1F0D939412}.ida32 Debug|x64.ActiveCfg = ida32 Debug|x64
		{7878A07A-C820-41A0-BEF0-DB1F0D939412}.ida32 Debug|x64.Build.0 = ida32 Debug|x64
		{7878A07A-C820-41A0-BEF0-DB1F0D939412}.ida32 Debug|x86.ActiveCfg = ida32 Debug|Win32
		{7878A07A-C820-41A0-BEF0-DB1F0D939412}.ida32 Debug|x86.Build.0 = ida32 Debug|Win32
		{7878A07A-C820-41A0-BEF0-DB1F0D939412}.ida32 Release|x64.ActiveCfg = ida32 Release|x64
		{7878A07A-C820-41A0-BEF0-DB1F0D939412}.ida32 Release|x64.Build.0 = ida32 Release|x64
		{7878A07A-C820-41A0-BEF0-DB1F0D939412}.ida32 Release|x86.ActiveCfg = ida32 Release|Win32
		{7878A07A-C820-41A0-BEF0-DB1F0D939412}.ida32 Release|x86.Build.0 = ida32 Release|Win32
		{7878A07A-C820-41A0-BEF0-DB1F0D939412}.ida64 Debug|x64.ActiveCfg = ida64 Debug|x64
		{7878A07A-C820-41A0-BEF0-DB1F0D939412}.ida64 Debug|x64.Build.0 = ida64 Debug|x64
		{7878A07A-C820-41A0-BEF0-DB1F0D939412}.ida64 Debug|x86.ActiveCfg = ida64 Debug|Win32
		{7878A07A-C820-41A0-BEF0-DB1F0D939412}.ida64 Debug|x86.Build.0 = ida64 Debug|Win32
		{7878A07A-C820-41A0-BEF0-DB1F0D939412}.ida64 Release|x64.ActiveCfg = ida64 Release|x64
		{7878A07A-C820-41A0-BEF0-DB1F0D939412}.ida64 Release|x64.Build.0 = ida64 Release|x64
		{7878A07A-C820-41A0-BEF0-DB1F0D939412}.ida64 Release|x86.ActiveCfg = ida64 Release|Win32
		{7878A07A-C820-41A0-BEF0-DB1F0D939412}.ida64 Release|x86.Build.0 = ida64 Release|Win32
		{7878A07A-C820-41A0-BEF0-DB1F0D939412}.llvm64 Debug|x64.ActiveCfg = ida32 Debug|x64
		{7878A07A-C820-41A0-BEF0-DB1F0D939412}.llvm64 Debug|x64.Build.0 = ida32 Debug|x64
		{7878A07A-C820-41A0-BEF0-DB1F0D939412}.llvm64 Debug|x86.ActiveCfg = ida32 Debug|Win32
		{7878A07A-C820-41A0-BEF0-DB1F0D939412}.llvm64 Debug|x86.Build.0 = ida32 Debug|Win32
		{7878A07A-C820-41A0-BEF0-DB1F0D939412}.llvm64 Release|x64.ActiveCfg = ida64 Release|x64
		{7878A07A-C820-41A0-BEF0-DB1F0D939412}.llvm64 Release|x64.Build.0 = ida64 Release|x64
		{7878A07A-C820-41A0-BEF0-DB1F0D939412}.llvm64 Release|x86.ActiveCfg = ida64 Release|Win32
		{7878A07A-C820-41A0-BEF0-DB1F0D939412}.llvm64 Release|x86.Build.0 = ida64 Release|Win32
		{7878A07A-C820-41A0-BEF0-DB1F0D939412}.pin32 Debug|x64.ActiveCfg = pin32 Debug|x64
		{7878A07A-C820-41A0-BEF0-DB1F0D939412}.pin32 Debug|x64.Build.0 = pin32 Debug|x64
		{7878A07A-C820-41A0-BEF0-DB1F0D939412}.pin32 Debug|x86.ActiveCfg = pin32 Debug|Win32
		{7878A07A-C820-41A0-BEF0-DB1F0D939412}.pin32 Release|x64.ActiveCfg = pin32 Release|x64
		{7878A07A-C820-41A0-BEF0-DB1F0D939412}.pin32 Release|x64.Build.0 = pin32 Release|x64
		{7878A07A-C820-41A0-BEF0-DB1F0D939412}.pin32 Release|x86.ActiveCfg = pin32 Release|Win32
		{7878A07A-C820-41A0-BEF0-DB1F0D939412}.pin64 Debug|x64.ActiveCfg = pin64 Debug|x64
		{7878A07A-C820-41A0-BEF0-DB1F0D939412}.pin64 Debug|x86.ActiveCfg = pin64 Debug|Win32
		{7878A07A-C820-41A0-BEF0-DB1F0D939412}.pin64 Release|x64.ActiveCfg = pin64 Release|x64
		{7878A07A-C820-41A0-BEF0-DB1F0D939412}.pin64 Release|x64.Build.0 = pin64 Release|x64
		{7878A07A-C820-41A0-BEF0-DB1F0D939412}.pin64 Release|x86.ActiveCfg = pin64 Release|Win32
		{7878A07A-C820-41A0-BEF0-DB1F0D939412}.Release|x64.ActiveCfg = ida64 Release|x64
		{7878A07A-C820-41A0-BEF0-DB1F0D939412}.Release|x64.Build.0 = ida64 Release|x64
		{7878A07A-C820-41A0-BEF0-DB1F0D939412}.Release|x86.ActiveCfg = ida64 Release|Win32
		{7878A07A-C820-41A0-BEF0-DB1F0D939412}.Release|x86.Build.0 = ida64 Release|Win32
		{8E696438-FA8A-46C4-BD52-81D62A71C168}.Debug|x64.ActiveCfg = ida32 Debug|x64
		{8E696438-FA8A-46C4-BD52-81D62A71C168}.Debug|x64.Build.0 = ida32 Debug|x64
		{8E696438-FA8A-46C4-BD52-81D62A71C168}.Debug|x86.ActiveCfg = ida32 Debug|Win32
		{8E696438-FA8A-46C4-BD52-81D62A71C168}.Debug|x86.Build.0 = ida32 Debug|Win32
		{8E696438-FA8A-46C4-BD52-81D62A71C168}.ida32 Debug|x64.ActiveCfg = ida32 Debug|x64
		{8E696438-FA8A-46C4-BD52-81D62A71C168}.ida32 Debug|x64.Build.0 = ida32 Debug|x64
		{8E696438-FA8A-46C4-BD52-81D62A71C168}.ida32 Debug|x86.ActiveCfg = ida32 Debug|Win32
		{8E696438-FA8A-46C4-BD52-81D62A71C168}.ida32 Debug|x86.Build.0 = ida32 Debug|Win32
		{8E696438-FA8A-46C4-BD52-81D62A71C168}.ida32 Release|x64.ActiveCfg = ida32 Release|x64
		{8E696438-FA8A-46C4-BD52-81D62A71C168}.ida32 Release|x64.Build.0 = ida32 Release|x64
		{8E696438-FA8A-46C4-BD52-81D62A71C168}.ida32 Release|x86.ActiveCfg = ida32 Release|Win32
		{8E696438-FA8A-46C4-BD52-81D62A71C168}.ida32 Release|x86.Build.0 = ida32 Release|Win32
		{8E696438-FA8A-46C4-BD52-81D62A71C168}.ida64 Debug|x64.ActiveCfg = ida64 Debug|x64
		{8E696438-FA8A-46C4-BD52-81D62A71C168}.ida64 Debug|x64.Build.0 = ida64 Debug|x64
		{8E696438-FA8A-46C4-BD52-81D62A71C168}.ida64 Debug|x86.ActiveCfg = ida64 Debug|Win32
		{8E696438-FA8A-46C4-BD52-81D62A71C168}.ida64 Debug|x86.Build.0 = ida64 Debug|Win32
		{8E696438-FA8A-46C4-BD52-81D62A71C168}.ida64 Release|x64.ActiveCfg = ida64 Release|x64
		{8E696438-FA8A-46C4-BD52-81D62A71C168}.ida64 Release|x64.Build.0 = ida64 Release|x64
		{8E696438-FA8A-46C4-BD52-81D62A71C168}.ida64 Release|x86.ActiveCfg = ida64 Release|Win32
		{8E696438-FA8A-46C4-BD52-81D62A71C168}.ida64 Release|x86.Build.0 = ida64 Release|Win32
		{8E696438-FA8A-46C4-BD52-81D62A71C168}.llvm64 Debug|x64.ActiveCfg = ida32 Debug|x64
		{8E696438-FA8A-46C4-BD52-81D62A71C168}.llvm64 Debug|x64.Build.0 = ida32 Debug|x64
		{8E696438-FA8A-46C4-BD52-81D62A71C168}.llvm64 Debug|x86.ActiveCfg = ida32 Debug|Win32
		{8E696438-FA8A-46C4-BD52-81D62A71C168}.llvm64 Debug|x86.Build.0 = ida32 Debug|Win32
		{8E696438-FA8A-46C4-BD52-81D62A71C168}.llvm64 Release|x64.ActiveCfg = ida64 Release|x64
		{8E696438-FA8A-46C4-BD52-81D62A71C168}.llvm64 Release|x64.Build.0 = ida64 Release|x64
		{8E696438-FA8A-46C4-BD52-81D62A71C168}.llvm64 Release|x86.ActiveCfg = ida64 Release|Win32
		{8E696438-FA8A-46C4-BD52-81D62A71C168}.llvm64 Release|x86.Build.0 = ida64 Release|Win32
		{8E696438-FA8A-46C4-BD52-81D62A71C168}.pin32 Debug|x64.ActiveCfg = pin32 Debug|x64
		{8E696438-FA8A-46C4-BD52-81D62A71C168}.pin32 Debug|x64.Build.0 = pin32 Debug|x64
		{8E696438-FA8A-46C4-BD52-81D62A71C168}.pin32 Debug|x86.ActiveCfg = pin32 Debug|Win32
		{8E696438-FA8A-46C4-BD52-81D62A71C168}.pin32 Release|x64.ActiveCfg = pin32 Release|x64
		{8E696438-FA8A-46C4-BD52-81D62A71C168}.pin32 Release|x64.Build.0 = pin32 Release|x64
		{8E696438-FA8A-46C4-BD52-81D62A71C168}.pin32 Release|x86.ActiveCfg = pin32 Release|Win32
		{8E696438-FA8A-46C4-BD52-81D62A71C168}.pin64 Debug|x64.ActiveCfg = pin64 Debug|x64
		{8E696438-FA8A-46C4-BD52-81D62A71C168}.pin64 Debug|x86.ActiveCfg = pin64 Debug|Win32
		{8E696438-FA8A-46C4-BD52-81D62A71C168}.pin64 Release|x64.ActiveCfg = pin64 Release|x64
		{8E696438-FA8A-46C4-BD52-81D62A71C168}.pin64 Release|x64.Build.0 = pin64 Release|x64
		{8E696438-FA8A-46C4-BD52-81D62A71C168}.pin64 Release|x86.ActiveCfg = pin64 Release|Win32
		{8E696438-FA8A-46C4-BD52-81D62A71C168}.Release|x64.ActiveCfg = ida64 Release|x64
		{8E696438-FA8A-46C4-BD52-81D62A71C168}.Release|x64.Build.0 = ida64 Release|x64
		{8E696438-FA8A-46C4-BD52-81D62A71C168}.Release|x86.ActiveCfg = ida64 Release|Win32
		{8E696438-FA8A-46C4-BD52-81D62A71C168}.Release|x86.Build.0 = ida64 Release|Win32
		{DC3C3F02-D7F6-4C84-86BF-4404EDEE80F6}.Debug|x64.ActiveCfg = Debug|x64
		{DC3C3F02-D7F6-4C84-86BF-4404EDEE80F6}.Debug|x64.Build.0 = Debug|x64
		{DC3C3F02-D7F6-4C84-86BF-4404EDEE80F6}.Debug|x86.ActiveCfg = Debug|Win32
		{DC3C3F02-D7F6-4C84-86BF-4404EDEE80F6}.Debug|x86.Build.0 = Debug|Win32
		{DC3C3F02-D7F6-4C84-86BF-4404EDEE80F6}.ida32 Debug|x64.ActiveCfg = Debug|x64
		{DC3C3F02-D7F6-4C84-86BF-4404EDEE80F6}.ida32 Debug|x64.Build.0 = Debug|x64
		{DC3C3F02-D7F6-4C84-86BF-4404EDEE80F6}.ida32 Debug|x86.ActiveCfg = Debug|Win32
		{DC3C3F02-D7F6-4C84-86BF-4404EDEE80F6}.ida32 Debug|x86.Build.0 = Debug|Win32
		{DC3C3F02-D7F6-4C84-86BF-4404EDEE80F6}.ida32 Release|x64.ActiveCfg = Release|x64
		{DC3C3F02-D7F6-4C84-86BF-4404EDEE80F6}.ida32 Release|x64.Build.0 = Release|x64
		{DC3C3F02-D7F6-4C84-86BF-4404EDEE80F6}.ida32 Release|x86.ActiveCfg = Release|Win32
		{DC3C3F02-D7F6-4C84-86BF-4404EDEE80F6}.ida32 Release|x86.Build.0 = Release|Win32
		{DC3C3F02-D7F6-4C84-86BF-4404EDEE80F6}.ida64 Debug|x64.ActiveCfg = Debug|x64
		{DC3C3F02-D7F6-4C84-86BF-4404EDEE80F6}.ida64 Debug|x64.Build.0 = Debug|x64
		{DC3C3F02-D7F6-4C84-86BF-4404EDEE80F6}.ida64 Debug|x86.ActiveCfg = Debug|Win32
		{DC3C3F02-D7F6-4C84-86BF-4404EDEE80F6}.ida64 Debug|x86.Build.0 = Debug|Win32
		{DC3C3F02-D7F6-4C84-86BF-4404EDEE80F6}.ida64 Release|x64.ActiveCfg = Release|x64
		{DC3C3F02-D7F6-4C84-86BF-4404EDEE80F6}.ida64 Release|x64.Build.0 = Release|x64
		{DC3C3F02-D7F6-4C84-86BF-4404EDEE80F6}.ida64 Release|x86.ActiveCfg = Release|Win32
		{DC3C3F02-D7F6-4C84-86BF-4404EDEE80F6}.ida64 Release|x86.Build.0 = Release|Win32
		{DC3C3F02-D7F6-4C84-86BF-4404EDEE80F6}.llvm64 Debug|x64.ActiveCfg = Debug|x64
		{DC3C3F02-D7F6-4C84-86BF-4404EDEE80F6}.llvm64 Debug|x64.Build.0 = Debug|x64
		{DC3C3F02-D7F6-4C84-86BF-4404EDEE80F6}.llvm64 Debug|x86.ActiveCfg = Debug|Win32
		{DC3C3F02-D7F6-4C84-86BF-4404EDEE80F6}.llvm64 Debug|x86.Build.0 = Debug|Win32
		{DC3C3F02-D7F6-4C84-86BF-4404EDEE80F6}.llvm64 Release|x64.ActiveCfg = Release|x64
		{DC3C3F02-D7F6-4C84-86BF-4404EDEE80F6}.llvm64 Release|x64.Build.0 = Release|x64
		{DC3C3F02-D7F6-4C84-86BF-4404EDEE80F6}.llvm64 Release|x86.ActiveCfg = Release|Win32
		{DC3C3F02-D7F6-4C84-86BF-4404EDEE80F6}.llvm64 Release|x86.Build.0 = Release|Win32
		{DC3C3F02-D7F6-4C84-86BF-4404EDEE80F6}.pin32 Debug|x64.ActiveCfg = pin32 Debug|x64
		{DC3C3F02-D7F6-4C84-86BF-4404EDEE80F6}.pin32 Debug|x64.Build.0 = pin32 Debug|x64
		{DC3C3F02-D7F6-4C84-86BF-4404EDEE80F6}.pin32 Debug|x86.ActiveCfg = pin32 Debug|Win32
		{DC3C3F02-D7F6-4C84-86BF-4404EDEE80F6}.pin32 Release|x64.ActiveCfg = pin32 Release|x64
		{DC3C3F02-D7F6-4C84-86BF-4404EDEE80F6}.pin32 Release|x64.Build.0 = pin32 Release|x64
		{DC3C3F02-D7F6-4C84-86BF-4404EDEE80F6}.pin32 Release|x86.ActiveCfg = pin32 Release|Win32
		{DC3C3F02-D7F6-4C84-86BF-4404EDEE80F6}.pin64 Debug|x64.ActiveCfg = pin64 Debug|x64
		{DC3C3F02-D7F6-4C84-86BF-4404EDEE80F6}.pin64 Debug|x86.ActiveCfg = pin64 Debug|Win32
		{DC3C3F02-D7F6-4C84-86BF-4404EDEE80F6}.pin64 Release|x64.ActiveCfg = pin64 Release|x64
		{DC3C3F02-D7F6-4C84-86BF-4404EDEE80F6}.pin64 Release|x64.Build.0 = pin64 Release|x64
		{DC3C3F02-D7F6-4C84-86BF-4404EDEE80F6}.pin64 Release|x86.ActiveCfg = pin64 Release|Win32
		{DC3C3F02-D7F6-4C84-86BF-4404EDEE80F6}.Release|x64.ActiveCfg = Release|x64
		{DC3C3F02-D7F6-4C84-86BF-4404EDEE80F6}.Release|x64.Build.0 = Release|x64
		{DC3C3F02-D7F6-4C84-86BF-4404EDEE80F6}.Release|x86.ActiveCfg = Release|Win32
		{DC3C3F02-D7F6-4C84-86BF-4404EDEE80F6}.Release|x86.Build.0 = Release|Win32
		{CA12F11B-AB85-4B45-B70D-85D1AEE80B90}.Debug|x64.ActiveCfg = Debug|x64
		{CA12F11B-AB85-4B45-B70D-85D1AEE80B90}.Debug|x64.Build.0 = Debug|x64
		{CA12F11B-AB85-4B45-B70D-85D1AEE80B90}.Debug|x86.ActiveCfg = Debug|Win32
		{CA12F11B-AB85-4B45-B70D-85D1AEE80B90}.Debug|x86.Build.0 = Debug|Win32
		{CA12F11B-AB85-4B45-B70D-85D1AEE80B90}.ida32 Debug|x64.ActiveCfg = Debug|x64
		{CA12F11B-AB85-4B45-B70D-85D1AEE80B90}.ida32 Debug|x64.Build.0 = Debug|x64
		{CA12F11B-AB85-4B45-B70D-85D1AEE80B90}.ida32 Debug|x86.ActiveCfg = Debug|Win32
		{CA12F11B-AB85-4B45-B70D-85D1AEE80B90}.ida32 Debug|x86.Build.0 = Debug|Win32
		{CA12F11B-AB85-4B45-B70D-85D1AEE80B90}.ida32 Release|x64.ActiveCfg = Release|x64
		{CA12F11B-AB85-4B45-B70D-85D1AEE80B90}.ida32 Release|x64.Build.0 = Release|x64
		{CA12F11B-AB85-4B45-B70D-85D1AEE80B90}.ida32 Release|x86.ActiveCfg = Release|Win32
		{CA12F11B-AB85-4B45-B70D-85D1AEE80B90}.ida32 Release|x86.Build.0 = Release|Win32
		{CA12F11B-AB85-4B45-B70D-85D1AEE80B90}.ida64 Debug|x64.ActiveCfg = Debug|x64
		{CA12F11B-AB85-4B45-B70D-85D1AEE80B90}.ida64 Debug|x64.Build.0 = Debug|x64
		{CA12F11B-AB85-4B45-B70D-85D1AEE80B90}.ida64 Debug|x86.ActiveCfg = Debug|Win32
		{CA12F11B-AB85-4B45-B70D-85D1AEE80B90}.ida64 Debug|x86.Build.0 = Debug|Win32
		{CA12F11B-AB85-4B45-B70D-85D1AEE80B90}.ida64 Release|x64.ActiveCfg = Release|x64
		{CA12F11B-AB85-4B45-B70D-85D1AEE80B90}.ida64 Release|x64.Build.0 = Release|x64
		{CA12F11B-AB85-4B45-B70D-85D1AEE80B90}.ida64 Release|x86.ActiveCfg = Release|Win32
		{CA12F11B-AB85-4B45-B70D-85D1AEE80B90}.ida64 Release|x86.Build.0 = Release|Win32
		{CA12F11B-AB85-4B45-B70D-85D1AEE80B90}.llvm64 Debug|x64.ActiveCfg = Debug|x64
		{CA12F11B-AB85-4B45-B70D-85D1AEE80B90}.llvm64 Debug|x64.Build.0 = Debug|x64
		{CA12F11B-AB85-4B45-B70D-85D1AEE80B90}.llvm64 Debug|x86.ActiveCfg = Debug|Win32
		{CA12F11B-AB85-4B45-B70D-85D1AEE80B90}.llvm64 Debug|x86.Build.0 = Debug|Win32
		{CA12F11B-AB85-4B45-B70D-85D1AEE80B90}.llvm64 Release|x64.ActiveCfg = Release|x64
		{CA12F11B-AB85-4B45-B70D-85D1AEE80B90}.llvm64 Release|x64.Build.0 = Release|x64
		{CA12F11B-AB85-4B45-B70D-85D1AEE80B90}.llvm64 Release|x86.ActiveCfg = Release|Win32
		{CA12F11B-AB85-4B45-B70D-85D1AEE80B90}.llvm64 Release|x86.Build.0 = Release|Win32
		{CA12F11B-AB85-4B45-B70D-85D1AEE80B90}.pin32 Debug|x64.ActiveCfg = pin32 Debug|x64
		{CA12F11B-AB85-4B45-B70D-85D1AEE80B90}.pin32 Debug|x64.Build.0 = pin32 Debug|x64
		{CA12F11B-AB85-4B45-B70D-85D1AEE80B90}.pin32 Debug|x86.ActiveCfg = pin32 Debug|Win32
		{CA12F11B-AB85-4B45-B70D-85D1AEE80B90}.pin32 Release|x64.ActiveCfg = pin32 Release|x64
		{CA12F11B-AB85-4B45-B70D-85D1AEE80B90}.pin32 Release|x64.Build.0 = pin32 Release|x64
		{CA12F11B-AB85-4B45-B70D-85D1AEE80B90}.pin32 Release|x86.ActiveCfg = pin32 Release|Win32
		{CA12F11B-AB85-4B45-B70D-85D1AEE80B90}.pin64 Debug|x64.ActiveCfg = pin64 Debug|x64
		{CA12F11B-AB85-4B45-B70D-85D1AEE80B90}.pin64 Debug|x86.ActiveCfg = pin64 Debug|Win32
		{CA12F11B-AB85-4B45-B70D-85D1AEE80B90}.pin64 Release|x64.ActiveCfg = pin64 Release|x64
		{CA12F11B-AB85-4B45-B70D-85D1AEE80B90}.pin64 Release|x64.Build.0 = pin64 Release|x64
		{CA12F11B-AB85-4B45-B70D-85D1AEE80B90}.pin64 Release|x86.ActiveCfg = pin64 Release|Win32
		{CA12F11B-AB85-4B45-B70D-85D1AEE80B90}.Release|x64.ActiveCfg = Release|x64
		{CA12F11B-AB85-4B45-B70D-85D1AEE80B90}.Release|x64.Build.0 = Release|x64
		{CA12F11B-AB85-4B45-B70D-85D1AEE80B90}.Release|x86.ActiveCfg = Release|Win32
		{CA12F11B-AB85-4B45-B70D-85D1AEE80B90}.Release|x86.Build.0 = Release|Win32
		{FC6EF1FF-E17F-4B6F-82A0-ABEE6B967995}.Debug|x64.ActiveCfg = Debug|x64
		{FC6EF1FF-E17F-4B6F-82A0-ABEE6B967995}.Debug|x64.Build.0 = Debug|x64
		{FC6EF1FF-E17F-4B6F-82A0-ABEE6B967995}.Debug|x86.ActiveCfg = Debug|Win32
		{FC6EF1FF-E17F-4B6F-82A0-ABEE6B967995}.Debug|x86.Build.0 = Debug|Win32
		{FC6EF1FF-E17F-4B6F-82A0-ABEE6B967995}.ida32 Debug|x64.ActiveCfg = Debug|x64
		{FC6EF1FF-E17F-4B6F-82A0-ABEE6B967995}.ida32 Debug|x64.Build.0 = Debug|x64
		{FC6EF1FF-E17F-4B6F-82A0-ABEE6B967995}.ida32 Debug|x86.ActiveCfg = Debug|Win32
		{FC6EF1FF-E17F-4B6F-82A0-ABEE6B967995}.ida32 Debug|x86.Build.0 = Debug|Win32
		{FC6EF1FF-E17F-4B6F-82A0-ABEE6B967995}.ida32 Release|x64.ActiveCfg = Release|x64
		{FC6EF1FF-E17F-4B6F-82A0-ABEE6B967995}.ida32 Release|x64.Build.0 = Release|x64
		{FC6EF1FF-E17F-4B6F-82A0-ABEE6B967995}.ida32 Release|x86.ActiveCfg = Release|Win32
		{FC6EF1FF-E17F-4B6F-82A0-ABEE6B967995}.ida32 Release|x86.Build.0 = Release|Win32
		{FC6EF1FF-E17F-4B6F-82A0-ABEE6B967995}.ida64 Debug|x64.ActiveCfg = Debug|x64
		{FC6EF1FF-E17F-4B6F-82A0-ABEE6B967995}.ida64 Debug|x64.Build.0 = Debug|x64
		{FC6EF1FF-E17F-4B6F-82A0-ABEE6B967995}.ida64 Debug|x86.ActiveCfg = Debug|Win32
		{FC6EF1FF-E17F-4B6F-82A0-ABEE6B967995}.ida64 Debug|x86.Build.0 = Debug|Win32
		{FC6EF1FF-E17F-4B6F-82A0-ABEE6B967995}.ida64 Release|x64.ActiveCfg = Release|x64
		{FC6EF1FF-E17F-4B6F-82A0-ABEE6B967995}.ida64 Release|x64.Build.0 = Release|x64
		{FC6EF1FF-E17F-4B6F-82A0-ABEE6B967995}.ida64 Release|x86.ActiveCfg = Release|Win32
		{FC6EF1FF-E17F-4B6F-82A0-ABEE6B967995}.ida64 Release|x86.Build.0 = Release|Win32
		{FC6EF1FF-E17F-4B6F-82A0-ABEE6B967995}.llvm64 Debug|x64.ActiveCfg = Debug|x64
		{FC6EF1FF-E17F-4B6F-82A0-ABEE6B967995}.llvm64 Debug|x64.Build.0 = Debug|x64
		{FC6EF1FF-E17F-4B6F-82A0-ABEE6B967995}.llvm64 Debug|x86.ActiveCfg = Debug|Win32
		{FC6EF1FF-E17F-4B6F-82A0-ABEE6B967995}.llvm64 Debug|x86.Build.0 = Debug|Win32
		{FC6EF1FF-E17F-4B6F-82A0-ABEE6B967995}.llvm64 Release|x64.ActiveCfg = Release|x64
		{FC6EF1FF-E17F-4B6F-82A0-ABEE6B967995}.llvm64 Release|x64.Build.0 = Release|x64
		{FC6EF1FF-E17F-4B6F-82A0-ABEE6B967995}.llvm64 Release|x86.ActiveCfg = Release|Win32
		{FC6EF1FF-E17F-4B6F-82A0-ABEE6B967995}.llvm64 Release|x86.Build.0 = Release|Win32
		{FC6EF1FF-E17F-4B6F-82A0-ABEE6B967995}.pin32 Debug|x64.ActiveCfg = pin32 Debug|Win32
		{FC6EF1FF-E17F-4B6F-82A0-ABEE6B967995}.pin32 Debug|x86.ActiveCfg = pin32 Debug|Win32
		{FC6EF1FF-E17F-4B6F-82A0-ABEE6B967995}.pin32 Debug|x86.Build.0 = pin32 Debug|Win32
		{FC6EF1FF-E17F-4B6F-82A0-ABEE6B967995}.pin32 Release|x64.ActiveCfg = pin32 Release|x64
		{FC6EF1FF-E17F-4B6F-82A0-ABEE6B967995}.pin32 Release|x64.Build.0 = pin32 Release|x64
		{FC6EF1FF-E17F-4B6F-82A0-ABEE6B967995}.pin32 Release|x86.ActiveCfg = pin32 Release|Win32
		{FC6EF1FF-E17F-4B6F-82A0-ABEE6B967995}.pin32 Release|x86.Build.0 = pin32 Release|Win32
		{FC6EF1FF-E17F-4B6F-82A0-ABEE6B967995}.pin64 Debug|x64.ActiveCfg = pin64 Debug|x64
		{FC6EF1FF-E17F-4B6F-82A0-ABEE6B967995}.pin64 Debug|x64.Build.0 = pin64 Debug|x64
		{FC6EF1FF-E17F-4B6F-82A0-ABEE6B967995}.pin64 Debug|x86.ActiveCfg = pin64 Debug|x64
		{FC6EF1FF-E17F-4B6F-82A0-ABEE6B967995}.pin64 Release|x64.ActiveCfg = pin64 Release|x64
		{FC6EF1FF-E17F-4B6F-82A0-ABEE6B967995}.pin64 Release|x64.Build.0 = pin64 Release|x64
		{FC6EF1FF-E17F-4B6F-82A0-ABEE6B967995}.pin64 Release|x86.ActiveCfg = pin64 Release|x64
		{FC6EF1FF-E17F-4B6F-82A0-ABEE6B967995}.Release|x64.ActiveCfg = Release|x64
		{FC6EF1FF-E17F-4B6F-82A0-ABEE6B967995}.Release|x64.Build.0 = Release|x64
		{FC6EF1FF-E17F-4B6F-82A0-ABEE6B967995}.Release|x86.ActiveCfg = Release|Win32
		{FC6EF1FF-E17F-4B6F-82A0-ABEE6B967995}.Release|x86.Build.0 = Release|Win32
	EndGlobalSection
	GlobalSection(SolutionProperties) = preSolution
		HideSolutionNode = FALSE
	EndGlobalSection
	GlobalSection(ExtensibilityGlobals) = postSolution
		SolutionGuid = {F391AFE3-E6C7-4213-92FA-3BE0F377A437}
	EndGlobalSection
EndGlobal
