
Microsoft Visual Studio Solution File, Format Version 12.00
# Visual Studio Version 17
VisualStudioVersion = 17.2.32516.85
MinimumVisualStudioVersion = 10.0.40219.1
Project("{8BC9CEB8-8B4A-11D0-8D11-00A0C91BC942}") = "PluginSample", "IDA Pro\7.7\PluginSample\PluginSample.vcxproj", "{6D62A2EC-5004-4A7D-B06C-82485BAF8AD8}"
EndProject
Project("{8BC9CEB8-8B4A-11D0-8D11-00A0C91BC942}") = "CalleePlugin", "IDA Pro\7.7\CalleePlugin\CalleePlugin.vcxproj", "{2AA97ABB-3E38-4DD5-A227-4556A2C2DC79}"
EndProject
Global
	GlobalSection(SolutionConfigurationPlatforms) = preSolution
		ida32 Debug|x64 = ida32 Debug|x64
		ida32 Debug|x86 = ida32 Debug|x86
		ida32 Release|x64 = ida32 Release|x64
		ida32 Release|x86 = ida32 Release|x86
		ida64 Debug|x64 = ida64 Debug|x64
		ida64 Debug|x86 = ida64 Debug|x86
		ida64 Release|x64 = ida64 Release|x64
		ida64 Release|x86 = ida64 Release|x86
	EndGlobalSection
	GlobalSection(ProjectConfigurationPlatforms) = postSolution
		{6D62A2EC-5004-4A7D-B06C-82485BAF8AD8}.ida32 Debug|x64.ActiveCfg = ida32 Debug|x64
		{6D62A2EC-5004-4A7D-B06C-82485BAF8AD8}.ida32 Debug|x64.Build.0 = ida32 Debug|x64
		{6D62A2EC-5004-4A7D-B06C-82485BAF8AD8}.ida32 Debug|x86.ActiveCfg = ida32 Debug|Win32
		{6D62A2EC-5004-4A7D-B06C-82485BAF8AD8}.ida32 Debug|x86.Build.0 = ida32 Debug|Win32
		{6D62A2EC-5004-4A7D-B06C-82485BAF8AD8}.ida32 Release|x64.ActiveCfg = ida32 Release|x64
		{6D62A2EC-5004-4A7D-B06C-82485BAF8AD8}.ida32 Release|x64.Build.0 = ida32 Release|x64
		{6D62A2EC-5004-4A7D-B06C-82485BAF8AD8}.ida32 Release|x86.ActiveCfg = ida32 Release|Win32
		{6D62A2EC-5004-4A7D-B06C-82485BAF8AD8}.ida32 Release|x86.Build.0 = ida32 Release|Win32
		{6D62A2EC-5004-4A7D-B06C-82485BAF8AD8}.ida64 Debug|x64.ActiveCfg = ida64 Debug|x64
		{6D62A2EC-5004-4A7D-B06C-82485BAF8AD8}.ida64 Debug|x64.Build.0 = ida64 Debug|x64
		{6D62A2EC-5004-4A7D-B06C-82485BAF8AD8}.ida64 Debug|x86.ActiveCfg = ida64 Debug|Win32
		{6D62A2EC-5004-4A7D-B06C-82485BAF8AD8}.ida64 Debug|x86.Build.0 = ida64 Debug|Win32
		{6D62A2EC-5004-4A7D-B06C-82485BAF8AD8}.ida64 Release|x64.ActiveCfg = ida64 Release|x64
		{6D62A2EC-5004-4A7D-B06C-82485BAF8AD8}.ida64 Release|x64.Build.0 = ida64 Release|x64
		{6D62A2EC-5004-4A7D-B06C-82485BAF8AD8}.ida64 Release|x86.ActiveCfg = ida64 Release|Win32
		{6D62A2EC-5004-4A7D-B06C-82485BAF8AD8}.ida64 Release|x86.Build.0 = ida64 Release|Win32
		{2AA97ABB-3E38-4DD5-A227-4556A2C2DC79}.ida32 Debug|x64.ActiveCfg = ida32 Debug|x64
		{2AA97ABB-3E38-4DD5-A227-4556A2C2DC79}.ida32 Debug|x64.Build.0 = ida32 Debug|x64
		{2AA97ABB-3E38-4DD5-A227-4556A2C2DC79}.ida32 Debug|x86.ActiveCfg = ida32 Debug|Win32
		{2AA97ABB-3E38-4DD5-A227-4556A2C2DC79}.ida32 Debug|x86.Build.0 = ida32 Debug|Win32
		{2AA97ABB-3E38-4DD5-A227-4556A2C2DC79}.ida32 Release|x64.ActiveCfg = ida32 Release|x64
		{2AA97ABB-3E38-4DD5-A227-4556A2C2DC79}.ida32 Release|x64.Build.0 = ida32 Release|x64
		{2AA97ABB-3E38-4DD5-A227-4556A2C2DC79}.ida32 Release|x86.ActiveCfg = ida32 Release|Win32
		{2AA97ABB-3E38-4DD5-A227-4556A2C2DC79}.ida32 Release|x86.Build.0 = ida32 Release|Win32
		{2AA97ABB-3E38-4DD5-A227-4556A2C2DC79}.ida64 Debug|x64.ActiveCfg = ida64 Debug|x64
		{2AA97ABB-3E38-4DD5-A227-4556A2C2DC79}.ida64 Debug|x64.Build.0 = ida64 Debug|x64
		{2AA97ABB-3E38-4DD5-A227-4556A2C2DC79}.ida64 Debug|x86.ActiveCfg = ida64 Debug|Win32
		{2AA97ABB-3E38-4DD5-A227-4556A2C2DC79}.ida64 Debug|x86.Build.0 = ida64 Debug|Win32
		{2AA97ABB-3E38-4DD5-A227-4556A2C2DC79}.ida64 Release|x64.ActiveCfg = ida64 Release|x64
		{2AA97ABB-3E38-4DD5-A227-4556A2C2DC79}.ida64 Release|x64.Build.0 = ida64 Release|x64
		{2AA97ABB-3E38-4DD5-A227-4556A2C2DC79}.ida64 Release|x86.ActiveCfg = ida64 Release|Win32
		{2AA97ABB-3E38-4DD5-A227-4556A2C2DC79}.ida64 Release|x86.Build.0 = ida64 Release|Win32
	EndGlobalSection
	GlobalSection(SolutionProperties) = preSolution
		HideSolutionNode = FALSE
	EndGlobalSection
	GlobalSection(ExtensibilityGlobals) = postSolution
		SolutionGuid = {F391AFE3-E6C7-4213-92FA-3BE0F377A437}
	EndGlobalSection
EndGlobal
