
Microsoft Visual Studio Solution File, Format Version 12.00
# Visual Studio Version 17
VisualStudioVersion = 17.2.32516.85
MinimumVisualStudioVersion = 10.0.40219.1
Project("{2150E333-8FDC-42A3-9474-1A3956D46DE8}") = "IDA Pro", "IDA Pro", "{BBB11CBE-68C0-4F52-ABC8-D8DBC45D2A4E}"
EndProject
Project("{2150E333-8FDC-42A3-9474-1A3956D46DE8}") = "7.7", "7.7", "{BE7E89ED-F9ED-42C5-BE62-634AB608EF58}"
EndProject
Project("{8BC9CEB8-8B4A-11D0-8D11-00A0C91BC942}") = "PluginSample", "PluginSample\PluginSample.vcxproj", "{6D62A2EC-5004-4A7D-B06C-82485BAF8AD8}"
EndProject
Global
	GlobalSection(SolutionConfigurationPlatforms) = preSolution
		ida32 Debug|x64 = ida32 Debug|x64
		ida32 Debug|x86 = ida32 Debug|x86
		ida32 Release|x64 = ida32 Release|x64
		ida32 Release|x86 = ida32 Release|x86
		ida64 Debug|x64 = ida64 Debug|x64
		ida64 Debug|x86 = ida64 Debug|x86
		ida64 Release|x64 = ida64 Release|x64
		ida64 Release|x86 = ida64 Release|x86
	EndGlobalSection
	GlobalSection(ProjectConfigurationPlatforms) = postSolution
		{6D62A2EC-5004-4A7D-B06C-82485BAF8AD8}.ida32 Debug|x64.ActiveCfg = Debug|x64
		{6D62A2EC-5004-4A7D-B06C-82485BAF8AD8}.ida32 Debug|x86.ActiveCfg = Debug|Win32
		{6D62A2EC-5004-4A7D-B06C-82485BAF8AD8}.ida32 Debug|x86.Build.0 = Debug|Win32
		{6D62A2EC-5004-4A7D-B06C-82485BAF8AD8}.ida32 Release|x64.ActiveCfg = Release|x64
		{6D62A2EC-5004-4A7D-B06C-82485BAF8AD8}.ida32 Release|x64.Build.0 = Release|x64
		{6D62A2EC-5004-4A7D-B06C-82485BAF8AD8}.ida32 Release|x86.ActiveCfg = Release|Win32
		{6D62A2EC-5004-4A7D-B06C-82485BAF8AD8}.ida32 Release|x86.Build.0 = Release|Win32
		{6D62A2EC-5004-4A7D-B06C-82485BAF8AD8}.ida64 Debug|x64.ActiveCfg = Debug|x64
		{6D62A2EC-5004-4A7D-B06C-82485BAF8AD8}.ida64 Debug|x64.Build.0 = Debug|x64
		{6D62A2EC-5004-4A7D-B06C-82485BAF8AD8}.ida64 Debug|x86.ActiveCfg = Debug|x64
		{6D62A2EC-5004-4A7D-B06C-82485BAF8AD8}.ida64 Debug|x86.Build.0 = Debug|x64
		{6D62A2EC-5004-4A7D-B06C-82485BAF8AD8}.ida64 Release|x64.ActiveCfg = Release|x64
		{6D62A2EC-5004-4A7D-B06C-82485BAF8AD8}.ida64 Release|x64.Build.0 = Release|x64
		{6D62A2EC-5004-4A7D-B06C-82485BAF8AD8}.ida64 Release|x86.ActiveCfg = Release|x64
		{6D62A2EC-5004-4A7D-B06C-82485BAF8AD8}.ida64 Release|x86.Build.0 = Release|x64
	EndGlobalSection
	GlobalSection(SolutionProperties) = preSolution
		HideSolutionNode = FALSE
	EndGlobalSection
	GlobalSection(NestedProjects) = preSolution
		{BE7E89ED-F9ED-42C5-BE62-634AB608EF58} = {BBB11CBE-68C0-4F52-ABC8-D8DBC45D2A4E}
		{6D62A2EC-5004-4A7D-B06C-82485BAF8AD8} = {BE7E89ED-F9ED-42C5-BE62-634AB608EF58}
	EndGlobalSection
	GlobalSection(ExtensibilityGlobals) = postSolution
		SolutionGuid = {F391AFE3-E6C7-4213-92FA-3BE0F377A437}
	EndGlobalSection
EndGlobal
